// !$*UTF8*$!
{
	archiveVersion = 1;
	classes = {
	};
	objectVersion = 50;
	objects = {

/* Begin PBXBuildFile section */
		44962FDE23E7A54A00E2A598 /* AppDelegate.swift in Sources */ = {isa = PBXBuildFile; fileRef = 44962FDD23E7A54A00E2A598 /* AppDelegate.swift */; };
		44962FE023E7A54A00E2A598 /* SceneDelegate.swift in Sources */ = {isa = PBXBuildFile; fileRef = 44962FDF23E7A54A00E2A598 /* SceneDelegate.swift */; };
		44962FE223E7A54A00E2A598 /* ViewController.swift in Sources */ = {isa = PBXBuildFile; fileRef = 44962FE123E7A54A00E2A598 /* ViewController.swift */; };
		44962FE523E7A54A00E2A598 /* Main.storyboard in Resources */ = {isa = PBXBuildFile; fileRef = 44962FE323E7A54A00E2A598 /* Main.storyboard */; };
		44962FE723E7A54B00E2A598 /* Assets.xcassets in Resources */ = {isa = PBXBuildFile; fileRef = 44962FE623E7A54B00E2A598 /* Assets.xcassets */; };
		44962FEA23E7A54B00E2A598 /* LaunchScreen.storyboard in Resources */ = {isa = PBXBuildFile; fileRef = 44962FE823E7A54B00E2A598 /* LaunchScreen.storyboard */; };
		F5252EE8240839930006ABE3 /* NSAttributedString+Markdown.m in Sources */ = {isa = PBXBuildFile; fileRef = F5252EE7240839930006ABE3 /* NSAttributedString+Markdown.m */; };
/* End PBXBuildFile section */

/* Begin PBXFileReference section */
		44962FDA23E7A54A00E2A598 /* SwiftSampleApp.app */ = {isa = PBXFileReference; explicitFileType = wrapper.application; includeInIndex = 0; path = SwiftSampleApp.app; sourceTree = BUILT_PRODUCTS_DIR; };
		44962FDD23E7A54A00E2A598 /* AppDelegate.swift */ = {isa = PBXFileReference; lastKnownFileType = sourcecode.swift; path = AppDelegate.swift; sourceTree = "<group>"; };
		44962FDF23E7A54A00E2A598 /* SceneDelegate.swift */ = {isa = PBXFileReference; lastKnownFileType = sourcecode.swift; path = SceneDelegate.swift; sourceTree = "<group>"; };
		44962FE123E7A54A00E2A598 /* ViewController.swift */ = {isa = PBXFileReference; lastKnownFileType = sourcecode.swift; path = ViewController.swift; sourceTree = "<group>"; };
		44962FE423E7A54A00E2A598 /* Base */ = {isa = PBXFileReference; lastKnownFileType = file.storyboard; name = Base; path = Base.lproj/Main.storyboard; sourceTree = "<group>"; };
		44962FE623E7A54B00E2A598 /* Assets.xcassets */ = {isa = PBXFileReference; lastKnownFileType = folder.assetcatalog; path = Assets.xcassets; sourceTree = "<group>"; };
		44962FE923E7A54B00E2A598 /* Base */ = {isa = PBXFileReference; lastKnownFileType = file.storyboard; name = Base; path = Base.lproj/LaunchScreen.storyboard; sourceTree = "<group>"; };
		44962FEB23E7A54B00E2A598 /* Info.plist */ = {isa = PBXFileReference; lastKnownFileType = text.plist.xml; path = Info.plist; sourceTree = "<group>"; };
		44962FF123E7A56A00E2A598 /* SwiftSampleApp-Bridging-Header.h */ = {isa = PBXFileReference; lastKnownFileType = sourcecode.c.h; path = "SwiftSampleApp-Bridging-Header.h"; sourceTree = "<group>"; };
		F5252EE6240839930006ABE3 /* NSAttributedString+Markdown.h */ = {isa = PBXFileReference; fileEncoding = 4; lastKnownFileType = sourcecode.c.h; path = "NSAttributedString+Markdown.h"; sourceTree = "<group>"; };
		F5252EE7240839930006ABE3 /* NSAttributedString+Markdown.m */ = {isa = PBXFileReference; fileEncoding = 4; lastKnownFileType = sourcecode.c.objc; path = "NSAttributedString+Markdown.m"; sourceTree = "<group>"; };
/* End PBXFileReference section */

/* Begin PBXFrameworksBuildPhase section */
		44962FD723E7A54A00E2A598 /* Frameworks */ = {
			isa = PBXFrameworksBuildPhase;
			buildActionMask = 2147483647;
			files = (
			);
			runOnlyForDeploymentPostprocessing = 0;
		};
/* End PBXFrameworksBuildPhase section */

/* Begin PBXGroup section */
		44962FD123E7A54A00E2A598 = {
			isa = PBXGroup;
			children = (
				F5252EE4240839930006ABE3 /* MarkdownAttributedString */,
				44962FF123E7A56A00E2A598 /* SwiftSampleApp-Bridging-Header.h */,
				44962FDC23E7A54A00E2A598 /* SwiftSampleApp */,
				44962FDB23E7A54A00E2A598 /* Products */,
			);
			sourceTree = "<group>";
		};
		44962FDB23E7A54A00E2A598 /* Products */ = {
			isa = PBXGroup;
			children = (
				44962FDA23E7A54A00E2A598 /* SwiftSampleApp.app */,
			);
			name = Products;
			sourceTree = "<group>";
		};
		44962FDC23E7A54A00E2A598 /* SwiftSampleApp */ = {
			isa = PBXGroup;
			children = (
				44962FDD23E7A54A00E2A598 /* AppDelegate.swift */,
				44962FDF23E7A54A00E2A598 /* SceneDelegate.swift */,
				44962FE123E7A54A00E2A598 /* ViewController.swift */,
				44962FE323E7A54A00E2A598 /* Main.storyboard */,
				44962FE623E7A54B00E2A598 /* Assets.xcassets */,
				44962FE823E7A54B00E2A598 /* LaunchScreen.storyboard */,
				44962FEB23E7A54B00E2A598 /* Info.plist */,
			);
			path = SwiftSampleApp;
			sourceTree = "<group>";
		};
		F5252EE4240839930006ABE3 /* MarkdownAttributedString */ = {
			isa = PBXGroup;
			children = (
				F5252EE5240839930006ABE3 /* include */,
				F5252EE7240839930006ABE3 /* NSAttributedString+Markdown.m */,
			);
			name = MarkdownAttributedString;
			path = ../../Sources/MarkdownAttributedString;
			sourceTree = "<group>";
		};
		F5252EE5240839930006ABE3 /* include */ = {
			isa = PBXGroup;
			children = (
				F5252EE6240839930006ABE3 /* NSAttributedString+Markdown.h */,
			);
			path = include;
			sourceTree = "<group>";
		};
/* End PBXGroup section */

/* Begin PBXNativeTarget section */
		44962FD923E7A54A00E2A598 /* SwiftSampleApp */ = {
			isa = PBXNativeTarget;
			buildConfigurationList = 44962FEE23E7A54B00E2A598 /* Build configuration list for PBXNativeTarget "SwiftSampleApp" */;
			buildPhases = (
				44962FD623E7A54A00E2A598 /* Sources */,
				44962FD723E7A54A00E2A598 /* Frameworks */,
				44962FD823E7A54A00E2A598 /* Resources */,
			);
			buildRules = (
			);
			dependencies = (
			);
			name = SwiftSampleApp;
			productName = SwiftSampleApp;
			productReference = 44962FDA23E7A54A00E2A598 /* SwiftSampleApp.app */;
			productType = "com.apple.product-type.application";
		};
/* End PBXNativeTarget section */

/* Begin PBXProject section */
		44962FD223E7A54A00E2A598 /* Project object */ = {
			isa = PBXProject;
			attributes = {
				LastSwiftUpdateCheck = 1120;
				LastUpgradeCheck = 1120;
				ORGANIZATIONNAME = "The Iconfactory";
				TargetAttributes = {
					44962FD923E7A54A00E2A598 = {
						CreatedOnToolsVersion = 11.2.1;
						LastSwiftMigration = 1120;
					};
				};
			};
			buildConfigurationList = 44962FD523E7A54A00E2A598 /* Build configuration list for PBXProject "SwiftSampleApp" */;
			compatibilityVersion = "Xcode 9.3";
			developmentRegion = en;
			hasScannedForEncodings = 0;
			knownRegions = (
				en,
				Base,
			);
			mainGroup = 44962FD123E7A54A00E2A598;
			productRefGroup = 44962FDB23E7A54A00E2A598 /* Products */;
			projectDirPath = "";
			projectRoot = "";
			targets = (
				44962FD923E7A54A00E2A598 /* SwiftSampleApp */,
			);
		};
/* End PBXProject section */

/* Begin PBXResourcesBuildPhase section */
		44962FD823E7A54A00E2A598 /* Resources */ = {
			isa = PBXResourcesBuildPhase;
			buildActionMask = 2147483647;
			files = (
				44962FEA23E7A54B00E2A598 /* LaunchScreen.storyboard in Resources */,
				44962FE723E7A54B00E2A598 /* Assets.xcassets in Resources */,
				44962FE523E7A54A00E2A598 /* Main.storyboard in Resources */,
			);
			runOnlyForDeploymentPostprocessing = 0;
		};
/* End PBXResourcesBuildPhase section */

/* Begin PBXSourcesBuildPhase section */
		44962FD623E7A54A00E2A598 /* Sources */ = {
			isa = PBXSourcesBuildPhase;
			buildActionMask = 2147483647;
			files = (
				44962FE223E7A54A00E2A598 /* ViewController.swift in Sources */,
				44962FDE23E7A54A00E2A598 /* AppDelegate.swift in Sources */,
				F5252EE8240839930006ABE3 /* NSAttributedString+Markdown.m in Sources */,
				44962FE023E7A54A00E2A598 /* SceneDelegate.swift in Sources */,
			);
			runOnlyForDeploymentPostprocessing = 0;
		};
/* End PBXSourcesBuildPhase section */

/* Begin PBXVariantGroup section */
		44962FE323E7A54A00E2A598 /* Main.storyboard */ = {
			isa = PBXVariantGroup;
			children = (
				44962FE423E7A54A00E2A598 /* Base */,
			);
			name = Main.storyboard;
			sourceTree = "<group>";
		};
		44962FE823E7A54B00E2A598 /* LaunchScreen.storyboard */ = {
			isa = PBXVariantGroup;
			children = (
				44962FE923E7A54B00E2A598 /* Base */,
			);
			name = LaunchScreen.storyboard;
			sourceTree = "<group>";
		};
/* End PBXVariantGroup section */

/* Begin XCBuildConfiguration section */
		44962FEC23E7A54B00E2A598 /* Debug */ = {
			isa = XCBuildConfiguration;
			buildSettings = {
				ALWAYS_SEARCH_USER_PATHS = NO;
				CLANG_ANALYZER_NONNULL = YES;
				CLANG_ANALYZER_NUMBER_OBJECT_CONVERSION = YES_AGGRESSIVE;
				CLANG_CXX_LANGUAGE_STANDARD = "gnu++14";
				CLANG_CXX_LIBRARY = "libc++";
				CLANG_ENABLE_MODULES = YES;
				CLANG_ENABLE_OBJC_ARC = YES;
				CLANG_ENABLE_OBJC_WEAK = YES;
				CLANG_WARN_BLOCK_CAPTURE_AUTORELEASING = YES;
				CLANG_WARN_BOOL_CONVERSION = YES;
				CLANG_WARN_COMMA = YES;
				CLANG_WARN_CONSTANT_CONVERSION = YES;
				CLANG_WARN_DEPRECATED_OBJC_IMPLEMENTATIONS = YES;
				CLANG_WARN_DIRECT_OBJC_ISA_USAGE = YES_ERROR;
				CLANG_WARN_DOCUMENTATION_COMMENTS = YES;
				CLANG_WARN_EMPTY_BODY = YES;
				CLANG_WARN_ENUM_CONVERSION = YES;
				CLANG_WARN_INFINITE_RECURSION = YES;
				CLANG_WARN_INT_CONVERSION = YES;
				CLANG_WARN_NON_LITERAL_NULL_CONVERSION = YES;
				CLANG_WARN_OBJC_IMPLICIT_RETAIN_SELF = YES;
				CLANG_WARN_OBJC_LITERAL_CONVERSION = YES;
				CLANG_WARN_OBJC_ROOT_CLASS = YES_ERROR;
				CLANG_WARN_RANGE_LOOP_ANALYSIS = YES;
				CLANG_WARN_STRICT_PROTOTYPES = YES;
				CLANG_WARN_SUSPICIOUS_MOVE = YES;
				CLANG_WARN_UNGUARDED_AVAILABILITY = YES_AGGRESSIVE;
				CLANG_WARN_UNREACHABLE_CODE = YES;
				CLANG_WARN__DUPLICATE_METHOD_MATCH = YES;
				COPY_PHASE_STRIP = NO;
				DEBUG_INFORMATION_FORMAT = dwarf;
				ENABLE_STRICT_OBJC_MSGSEND = YES;
				ENABLE_TESTABILITY = YES;
				GCC_C_LANGUAGE_STANDARD = gnu11;
				GCC_DYNAMIC_NO_PIC = NO;
				GCC_NO_COMMON_BLOCKS = YES;
				GCC_OPTIMIZATION_LEVEL = 0;
				GCC_PREPROCESSOR_DEFINITIONS = (
					"DEBUG=1",
					"$(inherited)",
				);
				GCC_WARN_64_TO_32_BIT_CONVERSION = YES;
				GCC_WARN_ABOUT_RETURN_TYPE = YES_ERROR;
				GCC_WARN_UNDECLARED_SELECTOR = YES;
				GCC_WARN_UNINITIALIZED_AUTOS = YES_AGGRESSIVE;
				GCC_WARN_UNUSED_FUNCTION = YES;
				GCC_WARN_UNUSED_VARIABLE = YES;
				IPHONEOS_DEPLOYMENT_TARGET = 13.2;
				MTL_ENABLE_DEBUG_INFO = INCLUDE_SOURCE;
				MTL_FAST_MATH = YES;
				ONLY_ACTIVE_ARCH = YES;
				SDKROOT = iphoneos;
				SWIFT_ACTIVE_COMPILATION_CONDITIONS = DEBUG;
				SWIFT_OPTIMIZATION_LEVEL = "-Onone";
			};
			name = Debug;
		};
		44962FED23E7A54B00E2A598 /* Release */ = {
			isa = XCBuildConfiguration;
			buildSettings = {
				ALWAYS_SEARCH_USER_PATHS = NO;
				CLANG_ANALYZER_NONNULL = YES;
				CLANG_ANALYZER_NUMBER_OBJECT_CONVERSION = YES_AGGRESSIVE;
				CLANG_CXX_LANGUAGE_STANDARD = "gnu++14";
				CLANG_CXX_LIBRARY = "libc++";
				CLANG_ENABLE_MODULES = YES;
				CLANG_ENABLE_OBJC_ARC = YES;
				CLANG_ENABLE_OBJC_WEAK = YES;
				CLANG_WARN_BLOCK_CAPTURE_AUTORELEASING = YES;
				CLANG_WARN_BOOL_CONVERSION = YES;
				CLANG_WARN_COMMA = YES;
				CLANG_WARN_CONSTANT_CONVERSION = YES;
				CLANG_WARN_DEPRECATED_OBJC_IMPLEMENTATIONS = YES;
				CLANG_WARN_DIRECT_OBJC_ISA_USAGE = YES_ERROR;
				CLANG_WARN_DOCUMENTATION_COMMENTS = YES;
				CLANG_WARN_EMPTY_BODY = YES;
				CLANG_WARN_ENUM_CONVERSION = YES;
				CLANG_WARN_INFINITE_RECURSION = YES;
				CLANG_WARN_INT_CONVERSION = YES;
				CLANG_WARN_NON_LITERAL_NULL_CONVERSION = YES;
				CLANG_WARN_OBJC_IMPLICIT_RETAIN_SELF = YES;
				CLANG_WARN_OBJC_LITERAL_CONVERSION = YES;
				CLANG_WARN_OBJC_ROOT_CLASS = YES_ERROR;
				CLANG_WARN_RANGE_LOOP_ANALYSIS = YES;
				CLANG_WARN_STRICT_PROTOTYPES = YES;
				CLANG_WARN_SUSPICIOUS_MOVE = YES;
				CLANG_WARN_UNGUARDED_AVAILABILITY = YES_AGGRESSIVE;
				CLANG_WARN_UNREACHABLE_CODE = YES;
				CLANG_WARN__DUPLICATE_METHOD_MATCH = YES;
				COPY_PHASE_STRIP = NO;
				DEBUG_INFORMATION_FORMAT = "dwarf-with-dsym";
				ENABLE_NS_ASSERTIONS = NO;
				ENABLE_STRICT_OBJC_MSGSEND = YES;
				GCC_C_LANGUAGE_STANDARD = gnu11;
				GCC_NO_COMMON_BLOCKS = YES;
				GCC_WARN_64_TO_32_BIT_CONVERSION = YES;
				GCC_WARN_ABOUT_RETURN_TYPE = YES_ERROR;
				GCC_WARN_UNDECLARED_SELECTOR = YES;
				GCC_WARN_UNINITIALIZED_AUTOS = YES_AGGRESSIVE;
				GCC_WARN_UNUSED_FUNCTION = YES;
				GCC_WARN_UNUSED_VARIABLE = YES;
				IPHONEOS_DEPLOYMENT_TARGET = 13.2;
				MTL_ENABLE_DEBUG_INFO = NO;
				MTL_FAST_MATH = YES;
				SDKROOT = iphoneos;
				SWIFT_COMPILATION_MODE = wholemodule;
				SWIFT_OPTIMIZATION_LEVEL = "-O";
				VALIDATE_PRODUCT = YES;
			};
			name = Release;
		};
		44962FEF23E7A54B00E2A598 /* Debug */ = {
			isa = XCBuildConfiguration;
			buildSettings = {
				ASSETCATALOG_COMPILER_APPICON_NAME = AppIcon;
				CLANG_ENABLE_MODULES = YES;
				CODE_SIGN_STYLE = Automatic;
				DEVELOPMENT_TEAM = RYQWBTQRPT;
				INFOPLIST_FILE = SwiftSampleApp/Info.plist;
				LD_RUNPATH_SEARCH_PATHS = (
					"$(inherited)",
					"@executable_path/Frameworks",
				);
				PRODUCT_BUNDLE_IDENTIFIER = com.iconfactory.SwiftSampleApp;
				PRODUCT_NAME = "$(TARGET_NAME)";
				SWIFT_OBJC_BRIDGING_HEADER = "SwiftSampleApp-Bridging-Header.h";
				SWIFT_OPTIMIZATION_LEVEL = "-Onone";
				SWIFT_VERSION = 5.0;
				TARGETED_DEVICE_FAMILY = "1,2";
			};
			name = Debug;
		};
		44962FF023E7A54B00E2A598 /* Release */ = {
			isa = XCBuildConfiguration;
			buildSettings = {
				ASSETCATALOG_COMPILER_APPICON_NAME = AppIcon;
				CLANG_ENABLE_MODULES = YES;
				CODE_SIGN_STYLE = Automatic;
				DEVELOPMENT_TEAM = RYQWBTQRPT;
				INFOPLIST_FILE = SwiftSampleApp/Info.plist;
				LD_RUNPATH_SEARCH_PATHS = (
					"$(inherited)",
					"@executable_path/Frameworks",
				);
				PRODUCT_BUNDLE_IDENTIFIER = com.iconfactory.SwiftSampleApp;
				PRODUCT_NAME = "$(TARGET_NAME)";
				SWIFT_OBJC_BRIDGING_HEADER = "SwiftSampleApp-Bridging-Header.h";
				SWIFT_VERSION = 5.0;
				TARGETED_DEVICE_FAMILY = "1,2";
			};
			name = Release;
		};
/* End XCBuildConfiguration section */

/* Begin XCConfigurationList section */
		44962FD523E7A54A00E2A598 /* Build configuration list for PBXProject "SwiftSampleApp" */ = {
			isa = XCConfigurationList;
			buildConfigurations = (
				44962FEC23E7A54B00E2A598 /* Debug */,
				44962FED23E7A54B00E2A598 /* Release */,
			);
			defaultConfigurationIsVisible = 0;
			defaultConfigurationName = Release;
		};
		44962FEE23E7A54B00E2A598 /* Build configuration list for PBXNativeTarget "SwiftSampleApp" */ = {
			isa = XCConfigurationList;
			buildConfigurations = (
				44962FEF23E7A54B00E2A598 /* Debug */,
				44962FF023E7A54B00E2A598 /* Release */,
			);
			defaultConfigurationIsVisible = 0;
			defaultConfigurationName = Release;
		};
/* End XCConfigurationList section */
	};
	rootObject = 44962FD223E7A54A00E2A598 /* Project object */;
}
